
Microsoft Visual Studio Solution File, Format Version 12.00
# Visual Studio 15
VisualStudioVersion = 15.0.28010.2003
MinimumVisualStudioVersion = 10.0.40219.1
Project("{888888A0-9F3D-457C-B088-3A5042F75D52}") = "aioTextTest2.0", "aioTextTest2.0\aioTextTest2.0.pyproj", "{892D38C1-AA5B-466F-A110-8C09566EFC23}"
EndProject
Global
	GlobalSection(SolutionConfigurationPlatforms) = preSolution
		Debug|Any CPU = Debug|Any CPU
		Release|Any CPU = Release|Any CPU
	EndGlobalSection
	GlobalSection(ProjectConfigurationPlatforms) = postSolution
		{892D38C1-AA5B-466F-A110-8C09566EFC23}.Debug|Any CPU.ActiveCfg = Debug|Any CPU
		{892D38C1-AA5B-466F-A110-8C09566EFC23}.Debug|Any CPU.Build.0 = Debug|Any CPU
		{892D38C1-AA5B-466F-A110-8C09566EFC23}.Release|Any CPU.ActiveCfg = Release|Any CPU
		{892D38C1-AA5B-466F-A110-8C09566EFC23}.Release|Any CPU.Build.0 = Release|Any CPU
	EndGlobalSection
	GlobalSection(SolutionProperties) = preSolution
		HideSolutionNode = FALSE
	EndGlobalSection
	GlobalSection(ExtensibilityGlobals) = postSolution
		SolutionGuid = {95A4AA7D-F02A-45D0-9475-CD207D5A92BC}
	EndGlobalSection
EndGlobal
